// !$*UTF8*$!
{
	archiveVersion = 1;
	classes = {
	};
	objectVersion = 46;
	objects = {

/* Begin PBXBuildFile section */
		3858D3FB1F23024600DAA1D3 /* civetweb.c in Sources */ = {isa = PBXBuildFile; fileRef = 3858D3DF1F23024600DAA1D3 /* civetweb.c */; };
		3858D3FC1F23024600DAA1D3 /* duktape.c in Sources */ = {isa = PBXBuildFile; fileRef = 3858D3E51F23024600DAA1D3 /* duktape.c */; };
		3858D3FD1F23024600DAA1D3 /* jsoncpp.cpp in Sources */ = {isa = PBXBuildFile; fileRef = 3858D3EB1F23024600DAA1D3 /* jsoncpp.cpp */; };
		3858D3FE1F23024600DAA1D3 /* MockiferManifest.cpp in Sources */ = {isa = PBXBuildFile; fileRef = 3858D3ED1F23024600DAA1D3 /* MockiferManifest.cpp */; };
		3858D3FF1F23024600DAA1D3 /* MockiferRequest.cpp in Sources */ = {isa = PBXBuildFile; fileRef = 3858D3EF1F23024600DAA1D3 /* MockiferRequest.cpp */; };
		3858D4001F23024600DAA1D3 /* MockiferResponse.cpp in Sources */ = {isa = PBXBuildFile; fileRef = 3858D3F11F23024600DAA1D3 /* MockiferResponse.cpp */; };
		3858D4011F23024600DAA1D3 /* MockiferRoute.cpp in Sources */ = {isa = PBXBuildFile; fileRef = 3858D3F31F23024600DAA1D3 /* MockiferRoute.cpp */; };
		3858D4021F23024600DAA1D3 /* MockiferRouteManager.cpp in Sources */ = {isa = PBXBuildFile; fileRef = 3858D3F51F23024600DAA1D3 /* MockiferRouteManager.cpp */; };
		3858D4031F23024600DAA1D3 /* MockiferServer.cpp in Sources */ = {isa = PBXBuildFile; fileRef = 3858D3F71F23024600DAA1D3 /* MockiferServer.cpp */; };
		3858D4041F23024600DAA1D3 /* MockiferUtil.cpp in Sources */ = {isa = PBXBuildFile; fileRef = 3858D3F91F23024600DAA1D3 /* MockiferUtil.cpp */; };
		E2FBDF761EF3C2E2001BC731 /* main.cpp in Sources */ = {isa = PBXBuildFile; fileRef = E2FBDF751EF3C2E2001BC731 /* main.cpp */; };
/* End PBXBuildFile section */

/* Begin PBXCopyFilesBuildPhase section */
		E2FBDF701EF3C2E2001BC731 /* CopyFiles */ = {
			isa = PBXCopyFilesBuildPhase;
			buildActionMask = 2147483647;
			dstPath = /usr/share/man/man1/;
			dstSubfolderSpec = 0;
			files = (
			);
			runOnlyForDeploymentPostprocessing = 1;
		};
/* End PBXCopyFilesBuildPhase section */

/* Begin PBXFileReference section */
		3858D3DF1F23024600DAA1D3 /* civetweb.c */ = {isa = PBXFileReference; fileEncoding = 4; lastKnownFileType = sourcecode.c.c; path = civetweb.c; sourceTree = "<group>"; };
		3858D3E01F23024600DAA1D3 /* civetweb.h */ = {isa = PBXFileReference; fileEncoding = 4; lastKnownFileType = sourcecode.c.h; path = civetweb.h; sourceTree = "<group>"; };
		3858D3E11F23024600DAA1D3 /* handle_form.inl */ = {isa = PBXFileReference; fileEncoding = 4; lastKnownFileType = text; path = handle_form.inl; sourceTree = "<group>"; };
		3858D3E21F23024600DAA1D3 /* md5.inl */ = {isa = PBXFileReference; fileEncoding = 4; lastKnownFileType = text; path = md5.inl; sourceTree = "<group>"; };
		3858D3E41F23024600DAA1D3 /* duk_config.h */ = {isa = PBXFileReference; fileEncoding = 4; lastKnownFileType = sourcecode.c.h; path = duk_config.h; sourceTree = "<group>"; };
		3858D3E51F23024600DAA1D3 /* duktape.c */ = {isa = PBXFileReference; fileEncoding = 4; lastKnownFileType = sourcecode.c.c; path = duktape.c; sourceTree = "<group>"; };
		3858D3E61F23024600DAA1D3 /* duktape.h */ = {isa = PBXFileReference; fileEncoding = 4; lastKnownFileType = sourcecode.c.h; path = duktape.h; sourceTree = "<group>"; };
		3858D3E91F23024600DAA1D3 /* json-forwards.h */ = {isa = PBXFileReference; fileEncoding = 4; lastKnownFileType = sourcecode.c.h; path = "json-forwards.h"; sourceTree = "<group>"; };
		3858D3EA1F23024600DAA1D3 /* json.h */ = {isa = PBXFileReference; fileEncoding = 4; lastKnownFileType = sourcecode.c.h; path = json.h; sourceTree = "<group>"; };
		3858D3EB1F23024600DAA1D3 /* jsoncpp.cpp */ = {isa = PBXFileReference; fileEncoding = 4; lastKnownFileType = sourcecode.cpp.cpp; path = jsoncpp.cpp; sourceTree = "<group>"; };
		3858D3EC1F23024600DAA1D3 /* MockiferCore.h */ = {isa = PBXFileReference; fileEncoding = 4; lastKnownFileType = sourcecode.c.h; path = MockiferCore.h; sourceTree = "<group>"; };
		3858D3ED1F23024600DAA1D3 /* MockiferManifest.cpp */ = {isa = PBXFileReference; fileEncoding = 4; lastKnownFileType = sourcecode.cpp.cpp; path = MockiferManifest.cpp; sourceTree = "<group>"; };
		3858D3EE1F23024600DAA1D3 /* MockiferManifest.h */ = {isa = PBXFileReference; fileEncoding = 4; lastKnownFileType = sourcecode.c.h; path = MockiferManifest.h; sourceTree = "<group>"; };
		3858D3EF1F23024600DAA1D3 /* MockiferRequest.cpp */ = {isa = PBXFileReference; fileEncoding = 4; lastKnownFileType = sourcecode.cpp.cpp; path = MockiferRequest.cpp; sourceTree = "<group>"; };
		3858D3F01F23024600DAA1D3 /* MockiferRequest.h */ = {isa = PBXFileReference; fileEncoding = 4; lastKnownFileType = sourcecode.c.h; path = MockiferRequest.h; sourceTree = "<group>"; };
		3858D3F11F23024600DAA1D3 /* MockiferResponse.cpp */ = {isa = PBXFileReference; fileEncoding = 4; lastKnownFileType = sourcecode.cpp.cpp; path = MockiferResponse.cpp; sourceTree = "<group>"; };
		3858D3F21F23024600DAA1D3 /* MockiferResponse.h */ = {isa = PBXFileReference; fileEncoding = 4; lastKnownFileType = sourcecode.c.h; path = MockiferResponse.h; sourceTree = "<group>"; };
		3858D3F31F23024600DAA1D3 /* MockiferRoute.cpp */ = {isa = PBXFileReference; fileEncoding = 4; lastKnownFileType = sourcecode.cpp.cpp; path = MockiferRoute.cpp; sourceTree = "<group>"; };
		3858D3F41F23024600DAA1D3 /* MockiferRoute.h */ = {isa = PBXFileReference; fileEncoding = 4; lastKnownFileType = sourcecode.c.h; path = MockiferRoute.h; sourceTree = "<group>"; };
		3858D3F51F23024600DAA1D3 /* MockiferRouteManager.cpp */ = {isa = PBXFileReference; fileEncoding = 4; lastKnownFileType = sourcecode.cpp.cpp; path = MockiferRouteManager.cpp; sourceTree = "<group>"; };
		3858D3F61F23024600DAA1D3 /* MockiferRouteManager.h */ = {isa = PBXFileReference; fileEncoding = 4; lastKnownFileType = sourcecode.c.h; path = MockiferRouteManager.h; sourceTree = "<group>"; };
		3858D3F71F23024600DAA1D3 /* MockiferServer.cpp */ = {isa = PBXFileReference; fileEncoding = 4; lastKnownFileType = sourcecode.cpp.cpp; path = MockiferServer.cpp; sourceTree = "<group>"; };
		3858D3F81F23024600DAA1D3 /* MockiferServer.h */ = {isa = PBXFileReference; fileEncoding = 4; lastKnownFileType = sourcecode.c.h; path = MockiferServer.h; sourceTree = "<group>"; };
		3858D3F91F23024600DAA1D3 /* MockiferUtil.cpp */ = {isa = PBXFileReference; fileEncoding = 4; lastKnownFileType = sourcecode.cpp.cpp; path = MockiferUtil.cpp; sourceTree = "<group>"; };
		3858D3FA1F23024600DAA1D3 /* MockiferUtil.h */ = {isa = PBXFileReference; fileEncoding = 4; lastKnownFileType = sourcecode.c.h; path = MockiferUtil.h; sourceTree = "<group>"; };
		E2FBDF721EF3C2E2001BC731 /* mockifer */ = {isa = PBXFileReference; explicitFileType = "compiled.mach-o.executable"; includeInIndex = 0; path = mockifer; sourceTree = BUILT_PRODUCTS_DIR; };
		E2FBDF751EF3C2E2001BC731 /* main.cpp */ = {isa = PBXFileReference; lastKnownFileType = sourcecode.cpp.cpp; path = main.cpp; sourceTree = "<group>"; };
/* End PBXFileReference section */

/* Begin PBXFrameworksBuildPhase section */
		E2FBDF6F1EF3C2E2001BC731 /* Frameworks */ = {
			isa = PBXFrameworksBuildPhase;
			buildActionMask = 2147483647;
			files = (
			);
			runOnlyForDeploymentPostprocessing = 0;
		};
/* End PBXFrameworksBuildPhase section */

/* Begin PBXGroup section */
		3858D3DD1F23024600DAA1D3 /* engine */ = {
			isa = PBXGroup;
			children = (
				3858D3DE1F23024600DAA1D3 /* civetweb */,
				3858D3E31F23024600DAA1D3 /* duktape */,
				3858D3E71F23024600DAA1D3 /* json */,
				3858D3EC1F23024600DAA1D3 /* MockiferCore.h */,
				3858D3ED1F23024600DAA1D3 /* MockiferManifest.cpp */,
				3858D3EE1F23024600DAA1D3 /* MockiferManifest.h */,
				3858D3EF1F23024600DAA1D3 /* MockiferRequest.cpp */,
				3858D3F01F23024600DAA1D3 /* MockiferRequest.h */,
				3858D3F11F23024600DAA1D3 /* MockiferResponse.cpp */,
				3858D3F21F23024600DAA1D3 /* MockiferResponse.h */,
				3858D3F31F23024600DAA1D3 /* MockiferRoute.cpp */,
				3858D3F41F23024600DAA1D3 /* MockiferRoute.h */,
				3858D3F51F23024600DAA1D3 /* MockiferRouteManager.cpp */,
				3858D3F61F23024600DAA1D3 /* MockiferRouteManager.h */,
				3858D3F71F23024600DAA1D3 /* MockiferServer.cpp */,
				3858D3F81F23024600DAA1D3 /* MockiferServer.h */,
				3858D3F91F23024600DAA1D3 /* MockiferUtil.cpp */,
				3858D3FA1F23024600DAA1D3 /* MockiferUtil.h */,
			);
			name = engine;
			path = ../../engine;
			sourceTree = "<group>";
		};
		3858D3DE1F23024600DAA1D3 /* civetweb */ = {
			isa = PBXGroup;
			children = (
				3858D3DF1F23024600DAA1D3 /* civetweb.c */,
				3858D3E01F23024600DAA1D3 /* civetweb.h */,
				3858D3E11F23024600DAA1D3 /* handle_form.inl */,
				3858D3E21F23024600DAA1D3 /* md5.inl */,
			);
			path = civetweb;
			sourceTree = "<group>";
		};
		3858D3E31F23024600DAA1D3 /* duktape */ = {
			isa = PBXGroup;
			children = (
				3858D3E41F23024600DAA1D3 /* duk_config.h */,
				3858D3E51F23024600DAA1D3 /* duktape.c */,
				3858D3E61F23024600DAA1D3 /* duktape.h */,
			);
			path = duktape;
			sourceTree = "<group>";
		};
		3858D3E71F23024600DAA1D3 /* json */ = {
			isa = PBXGroup;
			children = (
				3858D3E81F23024600DAA1D3 /* json */,
				3858D3EB1F23024600DAA1D3 /* jsoncpp.cpp */,
			);
			path = json;
			sourceTree = "<group>";
		};
		3858D3E81F23024600DAA1D3 /* json */ = {
			isa = PBXGroup;
			children = (
				3858D3E91F23024600DAA1D3 /* json-forwards.h */,
				3858D3EA1F23024600DAA1D3 /* json.h */,
			);
			path = json;
			sourceTree = "<group>";
		};
		E2FBDF691EF3C2E2001BC731 = {
			isa = PBXGroup;
			children = (
				E2FBDF741EF3C2E2001BC731 /* Mockifer */,
				E2FBDF731EF3C2E2001BC731 /* Products */,
			);
			sourceTree = "<group>";
		};
		E2FBDF731EF3C2E2001BC731 /* Products */ = {
			isa = PBXGroup;
			children = (
				E2FBDF721EF3C2E2001BC731 /* mockifer */,
			);
			name = Products;
			sourceTree = "<group>";
		};
		E2FBDF741EF3C2E2001BC731 /* Mockifer */ = {
			isa = PBXGroup;
			children = (
				3858D3DD1F23024600DAA1D3 /* engine */,
				E2FBDF751EF3C2E2001BC731 /* main.cpp */,
			);
			path = Mockifer;
			sourceTree = "<group>";
		};
/* End PBXGroup section */

/* Begin PBXNativeTarget section */
		E2FBDF711EF3C2E2001BC731 /* mockifer */ = {
			isa = PBXNativeTarget;
			buildConfigurationList = E2FBDF791EF3C2E2001BC731 /* Build configuration list for PBXNativeTarget "mockifer" */;
			buildPhases = (
				E2FBDF6E1EF3C2E2001BC731 /* Sources */,
				E2FBDF6F1EF3C2E2001BC731 /* Frameworks */,
				E2FBDF701EF3C2E2001BC731 /* CopyFiles */,
			);
			buildRules = (
			);
			dependencies = (
			);
			name = mockifer;
			productName = Mockifer;
			productReference = E2FBDF721EF3C2E2001BC731 /* mockifer */;
			productType = "com.apple.product-type.tool";
		};
/* End PBXNativeTarget section */

/* Begin PBXProject section */
		E2FBDF6A1EF3C2E2001BC731 /* Project object */ = {
			isa = PBXProject;
			attributes = {
				LastUpgradeCheck = 1130;
				ORGANIZATIONNAME = Mockifer;
				TargetAttributes = {
					E2FBDF711EF3C2E2001BC731 = {
						CreatedOnToolsVersion = 8.0;
						DevelopmentTeam = PN695J55A5;
						ProvisioningStyle = Automatic;
					};
				};
			};
			buildConfigurationList = E2FBDF6D1EF3C2E2001BC731 /* Build configuration list for PBXProject "Mockifer" */;
			compatibilityVersion = "Xcode 3.2";
			developmentRegion = en;
			hasScannedForEncodings = 0;
			knownRegions = (
				en,
				Base,
			);
			mainGroup = E2FBDF691EF3C2E2001BC731;
			productRefGroup = E2FBDF731EF3C2E2001BC731 /* Products */;
			projectDirPath = "";
			projectRoot = "";
			targets = (
				E2FBDF711EF3C2E2001BC731 /* mockifer */,
			);
		};
/* End PBXProject section */

/* Begin PBXSourcesBuildPhase section */
		E2FBDF6E1EF3C2E2001BC731 /* Sources */ = {
			isa = PBXSourcesBuildPhase;
			buildActionMask = 2147483647;
			files = (
				3858D3FB1F23024600DAA1D3 /* civetweb.c in Sources */,
				3858D4011F23024600DAA1D3 /* MockiferRoute.cpp in Sources */,
				3858D4031F23024600DAA1D3 /* MockiferServer.cpp in Sources */,
				3858D3FD1F23024600DAA1D3 /* jsoncpp.cpp in Sources */,
				3858D4021F23024600DAA1D3 /* MockiferRouteManager.cpp in Sources */,
				3858D3FC1F23024600DAA1D3 /* duktape.c in Sources */,
				3858D3FF1F23024600DAA1D3 /* MockiferRequest.cpp in Sources */,
				3858D3FE1F23024600DAA1D3 /* MockiferManifest.cpp in Sources */,
				3858D4041F23024600DAA1D3 /* MockiferUtil.cpp in Sources */,
				E2FBDF761EF3C2E2001BC731 /* main.cpp in Sources */,
				3858D4001F23024600DAA1D3 /* MockiferResponse.cpp in Sources */,
			);
			runOnlyForDeploymentPostprocessing = 0;
		};
/* End PBXSourcesBuildPhase section */

/* Begin XCBuildConfiguration section */
		E2FBDF771EF3C2E2001BC731 /* Debug */ = {
			isa = XCBuildConfiguration;
			buildSettings = {
				ALWAYS_SEARCH_USER_PATHS = NO;
				CLANG_ANALYZER_LOCALIZABILITY_NONLOCALIZED = YES;
				CLANG_ANALYZER_NONNULL = YES;
				CLANG_CXX_LANGUAGE_STANDARD = "gnu++0x";
				CLANG_CXX_LIBRARY = "libc++";
				CLANG_ENABLE_MODULES = YES;
				CLANG_ENABLE_OBJC_ARC = YES;
				CLANG_WARN_BLOCK_CAPTURE_AUTORELEASING = YES;
				CLANG_WARN_BOOL_CONVERSION = YES;
				CLANG_WARN_COMMA = YES;
				CLANG_WARN_CONSTANT_CONVERSION = YES;
				CLANG_WARN_DEPRECATED_OBJC_IMPLEMENTATIONS = YES;
				CLANG_WARN_DIRECT_OBJC_ISA_USAGE = YES_ERROR;
				CLANG_WARN_DOCUMENTATION_COMMENTS = YES;
				CLANG_WARN_EMPTY_BODY = YES;
				CLANG_WARN_ENUM_CONVERSION = YES;
				CLANG_WARN_INFINITE_RECURSION = YES;
				CLANG_WARN_INT_CONVERSION = YES;
				CLANG_WARN_NON_LITERAL_NULL_CONVERSION = YES;
				CLANG_WARN_OBJC_IMPLICIT_RETAIN_SELF = YES;
				CLANG_WARN_OBJC_LITERAL_CONVERSION = YES;
				CLANG_WARN_OBJC_ROOT_CLASS = YES_ERROR;
				CLANG_WARN_RANGE_LOOP_ANALYSIS = YES;
				CLANG_WARN_STRICT_PROTOTYPES = YES;
				CLANG_WARN_SUSPICIOUS_MOVE = YES;
				CLANG_WARN_SUSPICIOUS_MOVES = YES;
				CLANG_WARN_UNREACHABLE_CODE = YES;
				CLANG_WARN__DUPLICATE_METHOD_MATCH = YES;
				CODE_SIGN_IDENTITY = "-";
				COPY_PHASE_STRIP = NO;
				DEBUG_INFORMATION_FORMAT = dwarf;
				ENABLE_STRICT_OBJC_MSGSEND = YES;
				ENABLE_TESTABILITY = YES;
				GCC_C_LANGUAGE_STANDARD = gnu99;
				GCC_DYNAMIC_NO_PIC = NO;
				GCC_NO_COMMON_BLOCKS = YES;
				GCC_OPTIMIZATION_LEVEL = 0;
				GCC_PREPROCESSOR_DEFINITIONS = (
					"DEBUG=1",
					"$(inherited)",
				);
				GCC_WARN_64_TO_32_BIT_CONVERSION = YES;
				GCC_WARN_ABOUT_RETURN_TYPE = YES_ERROR;
				GCC_WARN_UNDECLARED_SELECTOR = YES;
				GCC_WARN_UNINITIALIZED_AUTOS = YES_AGGRESSIVE;
				GCC_WARN_UNUSED_FUNCTION = YES;
				GCC_WARN_UNUSED_VARIABLE = YES;
				MACOSX_DEPLOYMENT_TARGET = 10.11;
				MTL_ENABLE_DEBUG_INFO = YES;
				ONLY_ACTIVE_ARCH = YES;
				SDKROOT = macosx;
			};
			name = Debug;
		};
		E2FBDF781EF3C2E2001BC731 /* Release */ = {
			isa = XCBuildConfiguration;
			buildSettings = {
				ALWAYS_SEARCH_USER_PATHS = NO;
				CLANG_ANALYZER_LOCALIZABILITY_NONLOCALIZED = YES;
				CLANG_ANALYZER_NONNULL = YES;
				CLANG_CXX_LANGUAGE_STANDARD = "gnu++0x";
				CLANG_CXX_LIBRARY = "libc++";
				CLANG_ENABLE_MODULES = YES;
				CLANG_ENABLE_OBJC_ARC = YES;
				CLANG_WARN_BLOCK_CAPTURE_AUTORELEASING = YES;
				CLANG_WARN_BOOL_CONVERSION = YES;
				CLANG_WARN_COMMA = YES;
				CLANG_WARN_CONSTANT_CONVERSION = YES;
				CLANG_WARN_DEPRECATED_OBJC_IMPLEMENTATIONS = YES;
				CLANG_WARN_DIRECT_OBJC_ISA_USAGE = YES_ERROR;
				CLANG_WARN_DOCUMENTATION_COMMENTS = YES;
				CLANG_WARN_EMPTY_BODY = YES;
				CLANG_WARN_ENUM_CONVERSION = YES;
				CLANG_WARN_INFINITE_RECURSION = YES;
				CLANG_WARN_INT_CONVERSION = YES;
				CLANG_WARN_NON_LITERAL_NULL_CONVERSION = YES;
				CLANG_WARN_OBJC_IMPLICIT_RETAIN_SELF = YES;
				CLANG_WARN_OBJC_LITERAL_CONVERSION = YES;
				CLANG_WARN_OBJC_ROOT_CLASS = YES_ERROR;
				CLANG_WARN_RANGE_LOOP_ANALYSIS = YES;
				CLANG_WARN_STRICT_PROTOTYPES = YES;
				CLANG_WARN_SUSPICIOUS_MOVE = YES;
				CLANG_WARN_SUSPICIOUS_MOVES = YES;
				CLANG_WARN_UNREACHABLE_CODE = YES;
				CLANG_WARN__DUPLICATE_METHOD_MATCH = YES;
				CODE_SIGN_IDENTITY = "-";
				COPY_PHASE_STRIP = NO;
				DEBUG_INFORMATION_FORMAT = "dwarf-with-dsym";
				ENABLE_NS_ASSERTIONS = NO;
				ENABLE_STRICT_OBJC_MSGSEND = YES;
				GCC_C_LANGUAGE_STANDARD = gnu99;
				GCC_NO_COMMON_BLOCKS = YES;
				GCC_WARN_64_TO_32_BIT_CONVERSION = YES;
				GCC_WARN_ABOUT_RETURN_TYPE = YES_ERROR;
				GCC_WARN_UNDECLARED_SELECTOR = YES;
				GCC_WARN_UNINITIALIZED_AUTOS = YES_AGGRESSIVE;
				GCC_WARN_UNUSED_FUNCTION = YES;
				GCC_WARN_UNUSED_VARIABLE = YES;
				MACOSX_DEPLOYMENT_TARGET = 10.11;
				MTL_ENABLE_DEBUG_INFO = NO;
				SDKROOT = macosx;
			};
			name = Release;
		};
		E2FBDF7A1EF3C2E2001BC731 /* Debug */ = {
			isa = XCBuildConfiguration;
			buildSettings = {
				CODE_SIGN_IDENTITY = "-";
				DEVELOPMENT_TEAM = PN695J55A5;
				MACOSX_DEPLOYMENT_TARGET = 10.7;
				PRODUCT_NAME = "$(TARGET_NAME)";
			};
			name = Debug;
		};
		E2FBDF7B1EF3C2E2001BC731 /* Release */ = {
			isa = XCBuildConfiguration;
			buildSettings = {
				CODE_SIGN_IDENTITY = "-";
				DEVELOPMENT_TEAM = PN695J55A5;
				MACOSX_DEPLOYMENT_TARGET = 10.7;
				PRODUCT_NAME = "$(TARGET_NAME)";
			};
			name = Release;
		};
/* End XCBuildConfiguration section */

/* Begin XCConfigurationList section */
		E2FBDF6D1EF3C2E2001BC731 /* Build configuration list for PBXProject "Mockifer" */ = {
			isa = XCConfigurationList;
			buildConfigurations = (
				E2FBDF771EF3C2E2001BC731 /* Debug */,
				E2FBDF781EF3C2E2001BC731 /* Release */,
			);
			defaultConfigurationIsVisible = 0;
			defaultConfigurationName = Release;
		};
		E2FBDF791EF3C2E2001BC731 /* Build configuration list for PBXNativeTarget "mockifer" */ = {
			isa = XCConfigurationList;
			buildConfigurations = (
				E2FBDF7A1EF3C2E2001BC731 /* Debug */,
				E2FBDF7B1EF3C2E2001BC731 /* Release */,
			);
			defaultConfigurationIsVisible = 0;
			defaultConfigurationName = Release;
		};
/* End XCConfigurationList section */
	};
	rootObject = E2FBDF6A1EF3C2E2001BC731 /* Project object */;
}
