// !$*UTF8*$!
{
	archiveVersion = 1;
	classes = {
	};
	objectVersion = 46;
	objects = {

/* Begin PBXBuildFile section */
		3858D3C61F23020800DAA1D3 /* civetweb.c in Sources */ = {isa = PBXBuildFile; fileRef = 3858D3AA1F23020800DAA1D3 /* civetweb.c */; };
		3858D3C71F23020800DAA1D3 /* civetweb.h in Headers */ = {isa = PBXBuildFile; fileRef = 3858D3AB1F23020800DAA1D3 /* civetweb.h */; };
		3858D3C81F23020800DAA1D3 /* duk_config.h in Headers */ = {isa = PBXBuildFile; fileRef = 3858D3AF1F23020800DAA1D3 /* duk_config.h */; };
		3858D3C91F23020800DAA1D3 /* duktape.c in Sources */ = {isa = PBXBuildFile; fileRef = 3858D3B01F23020800DAA1D3 /* duktape.c */; };
		3858D3CA1F23020800DAA1D3 /* duktape.h in Headers */ = {isa = PBXBuildFile; fileRef = 3858D3B11F23020800DAA1D3 /* duktape.h */; };
		3858D3CB1F23020800DAA1D3 /* json-forwards.h in Headers */ = {isa = PBXBuildFile; fileRef = 3858D3B41F23020800DAA1D3 /* json-forwards.h */; };
		3858D3CC1F23020800DAA1D3 /* json.h in Headers */ = {isa = PBXBuildFile; fileRef = 3858D3B51F23020800DAA1D3 /* json.h */; };
		3858D3CD1F23020800DAA1D3 /* jsoncpp.cpp in Sources */ = {isa = PBXBuildFile; fileRef = 3858D3B61F23020800DAA1D3 /* jsoncpp.cpp */; };
		3858D3CE1F23020800DAA1D3 /* MockiferCore.h in Headers */ = {isa = PBXBuildFile; fileRef = 3858D3B71F23020800DAA1D3 /* MockiferCore.h */; };
		3858D3CF1F23020800DAA1D3 /* MockiferManifest.cpp in Sources */ = {isa = PBXBuildFile; fileRef = 3858D3B81F23020800DAA1D3 /* MockiferManifest.cpp */; };
		3858D3D01F23020800DAA1D3 /* MockiferManifest.h in Headers */ = {isa = PBXBuildFile; fileRef = 3858D3B91F23020800DAA1D3 /* MockiferManifest.h */; };
		3858D3D11F23020800DAA1D3 /* MockiferRequest.cpp in Sources */ = {isa = PBXBuildFile; fileRef = 3858D3BA1F23020800DAA1D3 /* MockiferRequest.cpp */; };
		3858D3D21F23020800DAA1D3 /* MockiferRequest.h in Headers */ = {isa = PBXBuildFile; fileRef = 3858D3BB1F23020800DAA1D3 /* MockiferRequest.h */; };
		3858D3D31F23020800DAA1D3 /* MockiferResponse.cpp in Sources */ = {isa = PBXBuildFile; fileRef = 3858D3BC1F23020800DAA1D3 /* MockiferResponse.cpp */; };
		3858D3D41F23020800DAA1D3 /* MockiferResponse.h in Headers */ = {isa = PBXBuildFile; fileRef = 3858D3BD1F23020800DAA1D3 /* MockiferResponse.h */; };
		3858D3D51F23020800DAA1D3 /* MockiferRoute.cpp in Sources */ = {isa = PBXBuildFile; fileRef = 3858D3BE1F23020800DAA1D3 /* MockiferRoute.cpp */; };
		3858D3D61F23020800DAA1D3 /* MockiferRoute.h in Headers */ = {isa = PBXBuildFile; fileRef = 3858D3BF1F23020800DAA1D3 /* MockiferRoute.h */; };
		3858D3D71F23020800DAA1D3 /* MockiferRouteManager.cpp in Sources */ = {isa = PBXBuildFile; fileRef = 3858D3C01F23020800DAA1D3 /* MockiferRouteManager.cpp */; };
		3858D3D81F23020800DAA1D3 /* MockiferRouteManager.h in Headers */ = {isa = PBXBuildFile; fileRef = 3858D3C11F23020800DAA1D3 /* MockiferRouteManager.h */; };
		3858D3D91F23020800DAA1D3 /* MockiferServer.cpp in Sources */ = {isa = PBXBuildFile; fileRef = 3858D3C21F23020800DAA1D3 /* MockiferServer.cpp */; };
		3858D3DA1F23020800DAA1D3 /* MockiferServer.h in Headers */ = {isa = PBXBuildFile; fileRef = 3858D3C31F23020800DAA1D3 /* MockiferServer.h */; };
		3858D3DB1F23020800DAA1D3 /* MockiferUtil.cpp in Sources */ = {isa = PBXBuildFile; fileRef = 3858D3C41F23020800DAA1D3 /* MockiferUtil.cpp */; };
		3858D3DC1F23020800DAA1D3 /* MockiferUtil.h in Headers */ = {isa = PBXBuildFile; fileRef = 3858D3C51F23020800DAA1D3 /* MockiferUtil.h */; };
		E24C88071EEA2A1700DDFFB8 /* Mockifer.h in Headers */ = {isa = PBXBuildFile; fileRef = E24C88051EEA2A1700DDFFB8 /* Mockifer.h */; settings = {ATTRIBUTES = (Public, ); }; };
		E24C88931EEA392200DDFFB8 /* Mockifer.mm in Sources */ = {isa = PBXBuildFile; fileRef = E24C88911EEA392200DDFFB8 /* Mockifer.mm */; };
/* End PBXBuildFile section */

/* Begin PBXFileReference section */
		3858D3AA1F23020800DAA1D3 /* civetweb.c */ = {isa = PBXFileReference; fileEncoding = 4; lastKnownFileType = sourcecode.c.c; path = civetweb.c; sourceTree = "<group>"; };
		3858D3AB1F23020800DAA1D3 /* civetweb.h */ = {isa = PBXFileReference; fileEncoding = 4; lastKnownFileType = sourcecode.c.h; path = civetweb.h; sourceTree = "<group>"; };
		3858D3AC1F23020800DAA1D3 /* handle_form.inl */ = {isa = PBXFileReference; fileEncoding = 4; lastKnownFileType = text; path = handle_form.inl; sourceTree = "<group>"; };
		3858D3AD1F23020800DAA1D3 /* md5.inl */ = {isa = PBXFileReference; fileEncoding = 4; lastKnownFileType = text; path = md5.inl; sourceTree = "<group>"; };
		3858D3AF1F23020800DAA1D3 /* duk_config.h */ = {isa = PBXFileReference; fileEncoding = 4; lastKnownFileType = sourcecode.c.h; path = duk_config.h; sourceTree = "<group>"; };
		3858D3B01F23020800DAA1D3 /* duktape.c */ = {isa = PBXFileReference; fileEncoding = 4; lastKnownFileType = sourcecode.c.c; path = duktape.c; sourceTree = "<group>"; };
		3858D3B11F23020800DAA1D3 /* duktape.h */ = {isa = PBXFileReference; fileEncoding = 4; lastKnownFileType = sourcecode.c.h; path = duktape.h; sourceTree = "<group>"; };
		3858D3B41F23020800DAA1D3 /* json-forwards.h */ = {isa = PBXFileReference; fileEncoding = 4; lastKnownFileType = sourcecode.c.h; path = "json-forwards.h"; sourceTree = "<group>"; };
		3858D3B51F23020800DAA1D3 /* json.h */ = {isa = PBXFileReference; fileEncoding = 4; lastKnownFileType = sourcecode.c.h; path = json.h; sourceTree = "<group>"; };
		3858D3B61F23020800DAA1D3 /* jsoncpp.cpp */ = {isa = PBXFileReference; fileEncoding = 4; lastKnownFileType = sourcecode.cpp.cpp; path = jsoncpp.cpp; sourceTree = "<group>"; };
		3858D3B71F23020800DAA1D3 /* MockiferCore.h */ = {isa = PBXFileReference; fileEncoding = 4; lastKnownFileType = sourcecode.c.h; path = MockiferCore.h; sourceTree = "<group>"; };
		3858D3B81F23020800DAA1D3 /* MockiferManifest.cpp */ = {isa = PBXFileReference; fileEncoding = 4; lastKnownFileType = sourcecode.cpp.cpp; path = MockiferManifest.cpp; sourceTree = "<group>"; };
		3858D3B91F23020800DAA1D3 /* MockiferManifest.h */ = {isa = PBXFileReference; fileEncoding = 4; lastKnownFileType = sourcecode.c.h; path = MockiferManifest.h; sourceTree = "<group>"; };
		3858D3BA1F23020800DAA1D3 /* MockiferRequest.cpp */ = {isa = PBXFileReference; fileEncoding = 4; lastKnownFileType = sourcecode.cpp.cpp; path = MockiferRequest.cpp; sourceTree = "<group>"; };
		3858D3BB1F23020800DAA1D3 /* MockiferRequest.h */ = {isa = PBXFileReference; fileEncoding = 4; lastKnownFileType = sourcecode.c.h; path = MockiferRequest.h; sourceTree = "<group>"; };
		3858D3BC1F23020800DAA1D3 /* MockiferResponse.cpp */ = {isa = PBXFileReference; fileEncoding = 4; lastKnownFileType = sourcecode.cpp.cpp; path = MockiferResponse.cpp; sourceTree = "<group>"; };
		3858D3BD1F23020800DAA1D3 /* MockiferResponse.h */ = {isa = PBXFileReference; fileEncoding = 4; lastKnownFileType = sourcecode.c.h; path = MockiferResponse.h; sourceTree = "<group>"; };
		3858D3BE1F23020800DAA1D3 /* MockiferRoute.cpp */ = {isa = PBXFileReference; fileEncoding = 4; lastKnownFileType = sourcecode.cpp.cpp; path = MockiferRoute.cpp; sourceTree = "<group>"; };
		3858D3BF1F23020800DAA1D3 /* MockiferRoute.h */ = {isa = PBXFileReference; fileEncoding = 4; lastKnownFileType = sourcecode.c.h; path = MockiferRoute.h; sourceTree = "<group>"; };
		3858D3C01F23020800DAA1D3 /* MockiferRouteManager.cpp */ = {isa = PBXFileReference; fileEncoding = 4; lastKnownFileType = sourcecode.cpp.cpp; path = MockiferRouteManager.cpp; sourceTree = "<group>"; };
		3858D3C11F23020800DAA1D3 /* MockiferRouteManager.h */ = {isa = PBXFileReference; fileEncoding = 4; lastKnownFileType = sourcecode.c.h; path = MockiferRouteManager.h; sourceTree = "<group>"; };
		3858D3C21F23020800DAA1D3 /* MockiferServer.cpp */ = {isa = PBXFileReference; fileEncoding = 4; lastKnownFileType = sourcecode.cpp.cpp; path = MockiferServer.cpp; sourceTree = "<group>"; };
		3858D3C31F23020800DAA1D3 /* MockiferServer.h */ = {isa = PBXFileReference; fileEncoding = 4; lastKnownFileType = sourcecode.c.h; path = MockiferServer.h; sourceTree = "<group>"; };
		3858D3C41F23020800DAA1D3 /* MockiferUtil.cpp */ = {isa = PBXFileReference; fileEncoding = 4; lastKnownFileType = sourcecode.cpp.cpp; path = MockiferUtil.cpp; sourceTree = "<group>"; };
		3858D3C51F23020800DAA1D3 /* MockiferUtil.h */ = {isa = PBXFileReference; fileEncoding = 4; lastKnownFileType = sourcecode.c.h; path = MockiferUtil.h; sourceTree = "<group>"; };
		E24C88021EEA2A1700DDFFB8 /* Mockifer.framework */ = {isa = PBXFileReference; explicitFileType = wrapper.framework; includeInIndex = 0; path = Mockifer.framework; sourceTree = BUILT_PRODUCTS_DIR; };
		E24C88051EEA2A1700DDFFB8 /* Mockifer.h */ = {isa = PBXFileReference; lastKnownFileType = sourcecode.c.h; path = Mockifer.h; sourceTree = "<group>"; };
		E24C88061EEA2A1700DDFFB8 /* Info.plist */ = {isa = PBXFileReference; lastKnownFileType = text.plist.xml; path = Info.plist; sourceTree = "<group>"; };
		E24C88911EEA392200DDFFB8 /* Mockifer.mm */ = {isa = PBXFileReference; explicitFileType = sourcecode.cpp.objcpp; fileEncoding = 4; path = Mockifer.mm; sourceTree = "<group>"; };
/* End PBXFileReference section */

/* Begin PBXFrameworksBuildPhase section */
		E24C87FE1EEA2A1700DDFFB8 /* Frameworks */ = {
			isa = PBXFrameworksBuildPhase;
			buildActionMask = 2147483647;
			files = (
			);
			runOnlyForDeploymentPostprocessing = 0;
		};
/* End PBXFrameworksBuildPhase section */

/* Begin PBXGroup section */
		3858D3A81F23020800DAA1D3 /* engine */ = {
			isa = PBXGroup;
			children = (
				3858D3A91F23020800DAA1D3 /* civetweb */,
				3858D3AE1F23020800DAA1D3 /* duktape */,
				3858D3B21F23020800DAA1D3 /* json */,
				3858D3B71F23020800DAA1D3 /* MockiferCore.h */,
				3858D3B81F23020800DAA1D3 /* MockiferManifest.cpp */,
				3858D3B91F23020800DAA1D3 /* MockiferManifest.h */,
				3858D3BA1F23020800DAA1D3 /* MockiferRequest.cpp */,
				3858D3BB1F23020800DAA1D3 /* MockiferRequest.h */,
				3858D3BC1F23020800DAA1D3 /* MockiferResponse.cpp */,
				3858D3BD1F23020800DAA1D3 /* MockiferResponse.h */,
				3858D3BE1F23020800DAA1D3 /* MockiferRoute.cpp */,
				3858D3BF1F23020800DAA1D3 /* MockiferRoute.h */,
				3858D3C01F23020800DAA1D3 /* MockiferRouteManager.cpp */,
				3858D3C11F23020800DAA1D3 /* MockiferRouteManager.h */,
				3858D3C21F23020800DAA1D3 /* MockiferServer.cpp */,
				3858D3C31F23020800DAA1D3 /* MockiferServer.h */,
				3858D3C41F23020800DAA1D3 /* MockiferUtil.cpp */,
				3858D3C51F23020800DAA1D3 /* MockiferUtil.h */,
			);
			name = engine;
			path = ../../engine;
			sourceTree = "<group>";
		};
		3858D3A91F23020800DAA1D3 /* civetweb */ = {
			isa = PBXGroup;
			children = (
				3858D3AA1F23020800DAA1D3 /* civetweb.c */,
				3858D3AB1F23020800DAA1D3 /* civetweb.h */,
				3858D3AC1F23020800DAA1D3 /* handle_form.inl */,
				3858D3AD1F23020800DAA1D3 /* md5.inl */,
			);
			path = civetweb;
			sourceTree = "<group>";
		};
		3858D3AE1F23020800DAA1D3 /* duktape */ = {
			isa = PBXGroup;
			children = (
				3858D3AF1F23020800DAA1D3 /* duk_config.h */,
				3858D3B01F23020800DAA1D3 /* duktape.c */,
				3858D3B11F23020800DAA1D3 /* duktape.h */,
			);
			path = duktape;
			sourceTree = "<group>";
		};
		3858D3B21F23020800DAA1D3 /* json */ = {
			isa = PBXGroup;
			children = (
				3858D3B31F23020800DAA1D3 /* json */,
				3858D3B61F23020800DAA1D3 /* jsoncpp.cpp */,
			);
			path = json;
			sourceTree = "<group>";
		};
		3858D3B31F23020800DAA1D3 /* json */ = {
			isa = PBXGroup;
			children = (
				3858D3B41F23020800DAA1D3 /* json-forwards.h */,
				3858D3B51F23020800DAA1D3 /* json.h */,
			);
			path = json;
			sourceTree = "<group>";
		};
		E24C87F81EEA2A1700DDFFB8 = {
			isa = PBXGroup;
			children = (
				E24C88041EEA2A1700DDFFB8 /* Mockifer */,
				E24C88031EEA2A1700DDFFB8 /* Products */,
			);
			sourceTree = "<group>";
		};
		E24C88031EEA2A1700DDFFB8 /* Products */ = {
			isa = PBXGroup;
			children = (
				E24C88021EEA2A1700DDFFB8 /* Mockifer.framework */,
			);
			name = Products;
			sourceTree = "<group>";
		};
		E24C88041EEA2A1700DDFFB8 /* Mockifer */ = {
			isa = PBXGroup;
			children = (
				3858D3A81F23020800DAA1D3 /* engine */,
				E24C88061EEA2A1700DDFFB8 /* Info.plist */,
				E24C88051EEA2A1700DDFFB8 /* Mockifer.h */,
				E24C88911EEA392200DDFFB8 /* Mockifer.mm */,
			);
			path = Mockifer;
			sourceTree = "<group>";
		};
/* End PBXGroup section */

/* Begin PBXHeadersBuildPhase section */
		E24C87FF1EEA2A1700DDFFB8 /* Headers */ = {
			isa = PBXHeadersBuildPhase;
			buildActionMask = 2147483647;
			files = (
				3858D3CC1F23020800DAA1D3 /* json.h in Headers */,
				3858D3CB1F23020800DAA1D3 /* json-forwards.h in Headers */,
				3858D3D61F23020800DAA1D3 /* MockiferRoute.h in Headers */,
				3858D3D21F23020800DAA1D3 /* MockiferRequest.h in Headers */,
				3858D3D41F23020800DAA1D3 /* MockiferResponse.h in Headers */,
				E24C88071EEA2A1700DDFFB8 /* Mockifer.h in Headers */,
				3858D3DC1F23020800DAA1D3 /* MockiferUtil.h in Headers */,
				3858D3D81F23020800DAA1D3 /* MockiferRouteManager.h in Headers */,
				3858D3CA1F23020800DAA1D3 /* duktape.h in Headers */,
				3858D3C81F23020800DAA1D3 /* duk_config.h in Headers */,
				3858D3CE1F23020800DAA1D3 /* MockiferCore.h in Headers */,
				3858D3DA1F23020800DAA1D3 /* MockiferServer.h in Headers */,
				3858D3C71F23020800DAA1D3 /* civetweb.h in Headers */,
				3858D3D01F23020800DAA1D3 /* MockiferManifest.h in Headers */,
			);
			runOnlyForDeploymentPostprocessing = 0;
		};
/* End PBXHeadersBuildPhase section */

/* Begin PBXNativeTarget section */
		E24C88011EEA2A1700DDFFB8 /* Mockifer */ = {
			isa = PBXNativeTarget;
			buildConfigurationList = E24C880A1EEA2A1700DDFFB8 /* Build configuration list for PBXNativeTarget "Mockifer" */;
			buildPhases = (
				E24C87FD1EEA2A1700DDFFB8 /* Sources */,
				E24C87FE1EEA2A1700DDFFB8 /* Frameworks */,
				E24C87FF1EEA2A1700DDFFB8 /* Headers */,
			);
			buildRules = (
			);
			dependencies = (
			);
			name = Mockifer;
			productName = Mockifer;
			productReference = E24C88021EEA2A1700DDFFB8 /* Mockifer.framework */;
			productType = "com.apple.product-type.framework";
		};
/* End PBXNativeTarget section */

/* Begin PBXProject section */
		E24C87F91EEA2A1700DDFFB8 /* Project object */ = {
			isa = PBXProject;
			attributes = {
				LastUpgradeCheck = 1030;
				ORGANIZATIONNAME = Mockifer;
				TargetAttributes = {
					E24C88011EEA2A1700DDFFB8 = {
						CreatedOnToolsVersion = 8.0;
						LastSwiftMigration = 0800;
						ProvisioningStyle = Automatic;
					};
				};
			};
			buildConfigurationList = E24C87FC1EEA2A1700DDFFB8 /* Build configuration list for PBXProject "Mockifer" */;
			compatibilityVersion = "Xcode 3.2";
			developmentRegion = en;
			hasScannedForEncodings = 0;
			knownRegions = (
				en,
				Base,
			);
			mainGroup = E24C87F81EEA2A1700DDFFB8;
			productRefGroup = E24C88031EEA2A1700DDFFB8 /* Products */;
			projectDirPath = "";
			projectRoot = "";
			targets = (
				E24C88011EEA2A1700DDFFB8 /* Mockifer */,
			);
		};
/* End PBXProject section */

/* Begin PBXSourcesBuildPhase section */
		E24C87FD1EEA2A1700DDFFB8 /* Sources */ = {
			isa = PBXSourcesBuildPhase;
			buildActionMask = 2147483647;
			files = (
				3858D3C61F23020800DAA1D3 /* civetweb.c in Sources */,
				3858D3D51F23020800DAA1D3 /* MockiferRoute.cpp in Sources */,
				3858D3D91F23020800DAA1D3 /* MockiferServer.cpp in Sources */,
				3858D3CD1F23020800DAA1D3 /* jsoncpp.cpp in Sources */,
				3858D3D71F23020800DAA1D3 /* MockiferRouteManager.cpp in Sources */,
				3858D3C91F23020800DAA1D3 /* duktape.c in Sources */,
				3858D3D11F23020800DAA1D3 /* MockiferRequest.cpp in Sources */,
				3858D3CF1F23020800DAA1D3 /* MockiferManifest.cpp in Sources */,
				3858D3DB1F23020800DAA1D3 /* MockiferUtil.cpp in Sources */,
				E24C88931EEA392200DDFFB8 /* Mockifer.mm in Sources */,
				3858D3D31F23020800DAA1D3 /* MockiferResponse.cpp in Sources */,
			);
			runOnlyForDeploymentPostprocessing = 0;
		};
/* End PBXSourcesBuildPhase section */

/* Begin XCBuildConfiguration section */
		E24C88081EEA2A1700DDFFB8 /* Debug */ = {
			isa = XCBuildConfiguration;
			buildSettings = {
				ALWAYS_SEARCH_USER_PATHS = NO;
				CLANG_ANALYZER_LOCALIZABILITY_NONLOCALIZED = YES;
				CLANG_ANALYZER_NONNULL = YES;
				CLANG_CXX_LANGUAGE_STANDARD = "gnu++0x";
				CLANG_CXX_LIBRARY = "libc++";
				CLANG_ENABLE_MODULES = YES;
				CLANG_ENABLE_OBJC_ARC = YES;
				CLANG_WARN_BLOCK_CAPTURE_AUTORELEASING = YES;
				CLANG_WARN_BOOL_CONVERSION = YES;
				CLANG_WARN_COMMA = YES;
				CLANG_WARN_CONSTANT_CONVERSION = YES;
				CLANG_WARN_DEPRECATED_OBJC_IMPLEMENTATIONS = YES;
				CLANG_WARN_DIRECT_OBJC_ISA_USAGE = YES_ERROR;
				CLANG_WARN_DOCUMENTATION_COMMENTS = YES;
				CLANG_WARN_EMPTY_BODY = YES;
				CLANG_WARN_ENUM_CONVERSION = YES;
				CLANG_WARN_INFINITE_RECURSION = YES;
				CLANG_WARN_INT_CONVERSION = YES;
				CLANG_WARN_NON_LITERAL_NULL_CONVERSION = YES;
				CLANG_WARN_OBJC_IMPLICIT_RETAIN_SELF = YES;
				CLANG_WARN_OBJC_LITERAL_CONVERSION = YES;
				CLANG_WARN_OBJC_ROOT_CLASS = YES_ERROR;
				CLANG_WARN_RANGE_LOOP_ANALYSIS = YES;
				CLANG_WARN_STRICT_PROTOTYPES = YES;
				CLANG_WARN_SUSPICIOUS_MOVE = YES;
				CLANG_WARN_SUSPICIOUS_MOVES = YES;
				CLANG_WARN_UNREACHABLE_CODE = YES;
				CLANG_WARN__DUPLICATE_METHOD_MATCH = YES;
				"CODE_SIGN_IDENTITY[sdk=iphoneos*]" = "iPhone Developer";
				COPY_PHASE_STRIP = NO;
				CURRENT_PROJECT_VERSION = 1;
				DEBUG_INFORMATION_FORMAT = dwarf;
				ENABLE_STRICT_OBJC_MSGSEND = YES;
				ENABLE_TESTABILITY = YES;
				GCC_C_LANGUAGE_STANDARD = gnu99;
				GCC_DYNAMIC_NO_PIC = NO;
				GCC_NO_COMMON_BLOCKS = YES;
				GCC_OPTIMIZATION_LEVEL = 0;
				GCC_PREPROCESSOR_DEFINITIONS = (
					"DEBUG=1",
					"$(inherited)",
				);
				GCC_WARN_64_TO_32_BIT_CONVERSION = YES;
				GCC_WARN_ABOUT_RETURN_TYPE = YES_ERROR;
				GCC_WARN_UNDECLARED_SELECTOR = YES;
				GCC_WARN_UNINITIALIZED_AUTOS = YES_AGGRESSIVE;
				GCC_WARN_UNUSED_FUNCTION = YES;
				GCC_WARN_UNUSED_VARIABLE = YES;
				IPHONEOS_DEPLOYMENT_TARGET = 9.0;
				MTL_ENABLE_DEBUG_INFO = YES;
				ONLY_ACTIVE_ARCH = YES;
				SDKROOT = iphoneos;
				STRIP_INSTALLED_PRODUCT = YES;
				SWIFT_ACTIVE_COMPILATION_CONDITIONS = DEBUG;
				SWIFT_OBJC_BRIDGING_HEADER = "";
				SWIFT_OPTIMIZATION_LEVEL = "-Onone";
				TARGETED_DEVICE_FAMILY = "1,2";
				VALID_ARCHS = "arm64 armv7 armv7s x86_64 i386";
				VERSIONING_SYSTEM = "apple-generic";
				VERSION_INFO_PREFIX = "";
			};
			name = Debug;
		};
		E24C88091EEA2A1700DDFFB8 /* Release */ = {
			isa = XCBuildConfiguration;
			buildSettings = {
				ALWAYS_SEARCH_USER_PATHS = NO;
				CLANG_ANALYZER_LOCALIZABILITY_NONLOCALIZED = YES;
				CLANG_ANALYZER_NONNULL = YES;
				CLANG_CXX_LANGUAGE_STANDARD = "gnu++0x";
				CLANG_CXX_LIBRARY = "libc++";
				CLANG_ENABLE_MODULES = YES;
				CLANG_ENABLE_OBJC_ARC = YES;
				CLANG_WARN_BLOCK_CAPTURE_AUTORELEASING = YES;
				CLANG_WARN_BOOL_CONVERSION = YES;
				CLANG_WARN_COMMA = YES;
				CLANG_WARN_CONSTANT_CONVERSION = YES;
				CLANG_WARN_DEPRECATED_OBJC_IMPLEMENTATIONS = YES;
				CLANG_WARN_DIRECT_OBJC_ISA_USAGE = YES_ERROR;
				CLANG_WARN_DOCUMENTATION_COMMENTS = YES;
				CLANG_WARN_EMPTY_BODY = YES;
				CLANG_WARN_ENUM_CONVERSION = YES;
				CLANG_WARN_INFINITE_RECURSION = YES;
				CLANG_WARN_INT_CONVERSION = YES;
				CLANG_WARN_NON_LITERAL_NULL_CONVERSION = YES;
				CLANG_WARN_OBJC_IMPLICIT_RETAIN_SELF = YES;
				CLANG_WARN_OBJC_LITERAL_CONVERSION = YES;
				CLANG_WARN_OBJC_ROOT_CLASS = YES_ERROR;
				CLANG_WARN_RANGE_LOOP_ANALYSIS = YES;
				CLANG_WARN_STRICT_PROTOTYPES = YES;
				CLANG_WARN_SUSPICIOUS_MOVE = YES;
				CLANG_WARN_SUSPICIOUS_MOVES = YES;
				CLANG_WARN_UNREACHABLE_CODE = YES;
				CLANG_WARN__DUPLICATE_METHOD_MATCH = YES;
				"CODE_SIGN_IDENTITY[sdk=iphoneos*]" = "iPhone Developer";
				COPY_PHASE_STRIP = NO;
				CURRENT_PROJECT_VERSION = 1;
				DEBUG_INFORMATION_FORMAT = "dwarf-with-dsym";
				ENABLE_NS_ASSERTIONS = NO;
				ENABLE_STRICT_OBJC_MSGSEND = YES;
				GCC_C_LANGUAGE_STANDARD = gnu99;
				GCC_NO_COMMON_BLOCKS = YES;
				GCC_WARN_64_TO_32_BIT_CONVERSION = YES;
				GCC_WARN_ABOUT_RETURN_TYPE = YES_ERROR;
				GCC_WARN_UNDECLARED_SELECTOR = YES;
				GCC_WARN_UNINITIALIZED_AUTOS = YES_AGGRESSIVE;
				GCC_WARN_UNUSED_FUNCTION = YES;
				GCC_WARN_UNUSED_VARIABLE = YES;
				IPHONEOS_DEPLOYMENT_TARGET = 9.0;
				MTL_ENABLE_DEBUG_INFO = NO;
				SDKROOT = iphoneos;
				STRIP_INSTALLED_PRODUCT = YES;
				SWIFT_OBJC_BRIDGING_HEADER = "";
				SWIFT_OPTIMIZATION_LEVEL = "-Owholemodule";
				TARGETED_DEVICE_FAMILY = "1,2";
				VALIDATE_PRODUCT = YES;
				VALID_ARCHS = "arm64 armv7 armv7s x86_64 i386";
				VERSIONING_SYSTEM = "apple-generic";
				VERSION_INFO_PREFIX = "";
			};
			name = Release;
		};
		E24C880B1EEA2A1700DDFFB8 /* Debug */ = {
			isa = XCBuildConfiguration;
			buildSettings = {
				CLANG_ENABLE_MODULES = YES;
				CODE_SIGN_IDENTITY = "";
				DEFINES_MODULE = YES;
				DEVELOPMENT_TEAM = "";
				DYLIB_COMPATIBILITY_VERSION = 1;
				DYLIB_CURRENT_VERSION = 1;
				DYLIB_INSTALL_NAME_BASE = "@rpath";
				GCC_SYMBOLS_PRIVATE_EXTERN = YES;
				INFOPLIST_FILE = Mockifer/Info.plist;
				INSTALL_PATH = "$(LOCAL_LIBRARY_DIR)/Frameworks";
				IPHONEOS_DEPLOYMENT_TARGET = 8.0;
				LD_RUNPATH_SEARCH_PATHS = "$(inherited) @executable_path/Frameworks @loader_path/Frameworks";
				LINKER_DISPLAYS_MANGLED_NAMES = NO;
				ONLY_ACTIVE_ARCH = NO;
				PRODUCT_BUNDLE_IDENTIFIER = mockifer.Mockifer;
				PRODUCT_NAME = "$(TARGET_NAME)";
				SKIP_INSTALL = YES;
				SWIFT_OBJC_BRIDGING_HEADER = "";
				SWIFT_OPTIMIZATION_LEVEL = "-Onone";
				SWIFT_VERSION = 3.0;
				VALID_ARCHS = "arm64 armv7 armv7s i386 x86_64";
			};
			name = Debug;
		};
		E24C880C1EEA2A1700DDFFB8 /* Release */ = {
			isa = XCBuildConfiguration;
			buildSettings = {
				CLANG_ENABLE_MODULES = YES;
				CODE_SIGN_IDENTITY = "";
				DEFINES_MODULE = YES;
				DEVELOPMENT_TEAM = "";
				DYLIB_COMPATIBILITY_VERSION = 1;
				DYLIB_CURRENT_VERSION = 1;
				DYLIB_INSTALL_NAME_BASE = "@rpath";
				GCC_SYMBOLS_PRIVATE_EXTERN = YES;
				INFOPLIST_FILE = Mockifer/Info.plist;
				INSTALL_PATH = "$(LOCAL_LIBRARY_DIR)/Frameworks";
				IPHONEOS_DEPLOYMENT_TARGET = 8.0;
				LD_RUNPATH_SEARCH_PATHS = "$(inherited) @executable_path/Frameworks @loader_path/Frameworks";
				LINKER_DISPLAYS_MANGLED_NAMES = NO;
				PRODUCT_BUNDLE_IDENTIFIER = mockifer.Mockifer;
				PRODUCT_NAME = "$(TARGET_NAME)";
				SKIP_INSTALL = YES;
				SWIFT_OBJC_BRIDGING_HEADER = "";
				SWIFT_VERSION = 3.0;
				VALID_ARCHS = "arm64 armv7 armv7s i386 x86_64";
			};
			name = Release;
		};
/* End XCBuildConfiguration section */

/* Begin XCConfigurationList section */
		E24C87FC1EEA2A1700DDFFB8 /* Build configuration list for PBXProject "Mockifer" */ = {
			isa = XCConfigurationList;
			buildConfigurations = (
				E24C88081EEA2A1700DDFFB8 /* Debug */,
				E24C88091EEA2A1700DDFFB8 /* Release */,
			);
			defaultConfigurationIsVisible = 0;
			defaultConfigurationName = Release;
		};
		E24C880A1EEA2A1700DDFFB8 /* Build configuration list for PBXNativeTarget "Mockifer" */ = {
			isa = XCConfigurationList;
			buildConfigurations = (
				E24C880B1EEA2A1700DDFFB8 /* Debug */,
				E24C880C1EEA2A1700DDFFB8 /* Release */,
			);
			defaultConfigurationIsVisible = 0;
			defaultConfigurationName = Release;
		};
/* End XCConfigurationList section */
	};
	rootObject = E24C87F91EEA2A1700DDFFB8 /* Project object */;
}
