// !$*UTF8*$!
{
	archiveVersion = 1;
	classes = {
	};
	objectVersion = 46;
	objects = {

/* Begin PBXBuildFile section */
		E22D21AB1F063481008A5708 /* MockiferUtil.cpp in Sources */ = {isa = PBXBuildFile; fileRef = E22D21A91F063481008A5708 /* MockiferUtil.cpp */; };
		E23A995B1F0837C100618374 /* InputFormatter.swift in Sources */ = {isa = PBXBuildFile; fileRef = E23A995A1F0837C100618374 /* InputFormatter.swift */; };
		E24C89061EEA922B00DDFFB8 /* AppDelegate.swift in Sources */ = {isa = PBXBuildFile; fileRef = E24C89051EEA922B00DDFFB8 /* AppDelegate.swift */; };
		E24C890A1EEA922B00DDFFB8 /* Assets.xcassets in Resources */ = {isa = PBXBuildFile; fileRef = E24C89091EEA922B00DDFFB8 /* Assets.xcassets */; };
		E24C890D1EEA922B00DDFFB8 /* Main.storyboard in Resources */ = {isa = PBXBuildFile; fileRef = E24C890B1EEA922B00DDFFB8 /* Main.storyboard */; };
		E24C89321EEA933900DDFFB8 /* Mockifer.mm in Sources */ = {isa = PBXBuildFile; fileRef = E24C89311EEA933900DDFFB8 /* Mockifer.mm */; };
		E27CD5641EFDA91300C4BC7B /* civetweb.c in Sources */ = {isa = PBXBuildFile; fileRef = E27CD54C1EFDA91200C4BC7B /* civetweb.c */; };
		E27CD5651EFDA91300C4BC7B /* handle_form.inl in Resources */ = {isa = PBXBuildFile; fileRef = E27CD54E1EFDA91200C4BC7B /* handle_form.inl */; };
		E27CD5661EFDA91300C4BC7B /* md5.inl in Resources */ = {isa = PBXBuildFile; fileRef = E27CD54F1EFDA91200C4BC7B /* md5.inl */; };
		E27CD5671EFDA91300C4BC7B /* duktape.c in Sources */ = {isa = PBXBuildFile; fileRef = E27CD5521EFDA91200C4BC7B /* duktape.c */; };
		E27CD5681EFDA91300C4BC7B /* jsoncpp.cpp in Sources */ = {isa = PBXBuildFile; fileRef = E27CD5581EFDA91300C4BC7B /* jsoncpp.cpp */; };
		E27CD5691EFDA91300C4BC7B /* MockiferRequest.cpp in Sources */ = {isa = PBXBuildFile; fileRef = E27CD55A1EFDA91300C4BC7B /* MockiferRequest.cpp */; };
		E27CD56A1EFDA91300C4BC7B /* MockiferResponse.cpp in Sources */ = {isa = PBXBuildFile; fileRef = E27CD55C1EFDA91300C4BC7B /* MockiferResponse.cpp */; };
		E27CD56B1EFDA91300C4BC7B /* MockiferServer.cpp in Sources */ = {isa = PBXBuildFile; fileRef = E27CD55E1EFDA91300C4BC7B /* MockiferServer.cpp */; };
		E27CD5721EFDABFC00C4BC7B /* MockiferRoute.cpp in Sources */ = {isa = PBXBuildFile; fileRef = E27CD5701EFDABFC00C4BC7B /* MockiferRoute.cpp */; };
		E2872DDE1F00D159002FBCE9 /* MockiferRouteManager.cpp in Sources */ = {isa = PBXBuildFile; fileRef = E2872DDC1F00D159002FBCE9 /* MockiferRouteManager.cpp */; };
		E28E21FE1EF66860002181BF /* Requester.swift in Sources */ = {isa = PBXBuildFile; fileRef = E28E21FD1EF66860002181BF /* Requester.swift */; };
		E28E22001EF66869002181BF /* Route.swift in Sources */ = {isa = PBXBuildFile; fileRef = E28E21FF1EF66869002181BF /* Route.swift */; };
		E2ADDF6F1EF50F5E00A2DD38 /* MainViewController.swift in Sources */ = {isa = PBXBuildFile; fileRef = E2ADDF6E1EF50F5E00A2DD38 /* MainViewController.swift */; };
		E2DBA33D1EEE814E008146D4 /* BaseViewController.swift in Sources */ = {isa = PBXBuildFile; fileRef = E2DBA33C1EEE814E008146D4 /* BaseViewController.swift */; };
/* End PBXBuildFile section */

/* Begin PBXCopyFilesBuildPhase section */
		E25621031EEA9F15002307EE /* CopyFiles */ = {
			isa = PBXCopyFilesBuildPhase;
			buildActionMask = 2147483647;
			dstPath = "";
			dstSubfolderSpec = 7;
			files = (
			);
			runOnlyForDeploymentPostprocessing = 0;
		};
/* End PBXCopyFilesBuildPhase section */

/* Begin PBXFileReference section */
		E22D21A91F063481008A5708 /* MockiferUtil.cpp */ = {isa = PBXFileReference; fileEncoding = 4; lastKnownFileType = sourcecode.cpp.cpp; path = MockiferUtil.cpp; sourceTree = "<group>"; };
		E22D21AA1F063481008A5708 /* MockiferUtil.h */ = {isa = PBXFileReference; fileEncoding = 4; lastKnownFileType = sourcecode.c.h; path = MockiferUtil.h; sourceTree = "<group>"; };
		E23A995A1F0837C100618374 /* InputFormatter.swift */ = {isa = PBXFileReference; fileEncoding = 4; lastKnownFileType = sourcecode.swift; name = InputFormatter.swift; path = Mockifer/InputFormatter.swift; sourceTree = "<group>"; };
		E24C89021EEA922B00DDFFB8 /* MockiferEditor.app */ = {isa = PBXFileReference; explicitFileType = wrapper.application; includeInIndex = 0; path = MockiferEditor.app; sourceTree = BUILT_PRODUCTS_DIR; };
		E24C89051EEA922B00DDFFB8 /* AppDelegate.swift */ = {isa = PBXFileReference; lastKnownFileType = sourcecode.swift; name = AppDelegate.swift; path = Mockifer/AppDelegate.swift; sourceTree = "<group>"; };
		E24C89091EEA922B00DDFFB8 /* Assets.xcassets */ = {isa = PBXFileReference; lastKnownFileType = folder.assetcatalog; name = Assets.xcassets; path = Mockifer/Assets.xcassets; sourceTree = "<group>"; };
		E24C890C1EEA922B00DDFFB8 /* Base */ = {isa = PBXFileReference; lastKnownFileType = file.storyboard; name = Base; path = Base.lproj/Main.storyboard; sourceTree = "<group>"; };
		E24C890E1EEA922B00DDFFB8 /* Info.plist */ = {isa = PBXFileReference; lastKnownFileType = text.plist.xml; name = Info.plist; path = Mockifer/Info.plist; sourceTree = "<group>"; };
		E24C89301EEA933900DDFFB8 /* Mockifer.h */ = {isa = PBXFileReference; fileEncoding = 4; lastKnownFileType = sourcecode.c.h; path = Mockifer.h; sourceTree = "<group>"; };
		E24C89311EEA933900DDFFB8 /* Mockifer.mm */ = {isa = PBXFileReference; fileEncoding = 4; lastKnownFileType = sourcecode.cpp.objcpp; path = Mockifer.mm; sourceTree = "<group>"; };
		E24C89331EEA941000DDFFB8 /* Mockifer-Bridging-Header.h */ = {isa = PBXFileReference; fileEncoding = 4; lastKnownFileType = sourcecode.c.h; path = "Mockifer-Bridging-Header.h"; sourceTree = "<group>"; };
		E27CD54C1EFDA91200C4BC7B /* civetweb.c */ = {isa = PBXFileReference; fileEncoding = 4; lastKnownFileType = sourcecode.c.c; path = civetweb.c; sourceTree = "<group>"; };
		E27CD54D1EFDA91200C4BC7B /* civetweb.h */ = {isa = PBXFileReference; fileEncoding = 4; lastKnownFileType = sourcecode.c.h; path = civetweb.h; sourceTree = "<group>"; };
		E27CD54E1EFDA91200C4BC7B /* handle_form.inl */ = {isa = PBXFileReference; fileEncoding = 4; lastKnownFileType = text; path = handle_form.inl; sourceTree = "<group>"; };
		E27CD54F1EFDA91200C4BC7B /* md5.inl */ = {isa = PBXFileReference; fileEncoding = 4; lastKnownFileType = text; path = md5.inl; sourceTree = "<group>"; };
		E27CD5511EFDA91200C4BC7B /* duk_config.h */ = {isa = PBXFileReference; fileEncoding = 4; lastKnownFileType = sourcecode.c.h; path = duk_config.h; sourceTree = "<group>"; };
		E27CD5521EFDA91200C4BC7B /* duktape.c */ = {isa = PBXFileReference; fileEncoding = 4; lastKnownFileType = sourcecode.c.c; path = duktape.c; sourceTree = "<group>"; };
		E27CD5531EFDA91200C4BC7B /* duktape.h */ = {isa = PBXFileReference; fileEncoding = 4; lastKnownFileType = sourcecode.c.h; path = duktape.h; sourceTree = "<group>"; };
		E27CD5561EFDA91300C4BC7B /* json-forwards.h */ = {isa = PBXFileReference; fileEncoding = 4; lastKnownFileType = sourcecode.c.h; path = "json-forwards.h"; sourceTree = "<group>"; };
		E27CD5571EFDA91300C4BC7B /* json.h */ = {isa = PBXFileReference; fileEncoding = 4; lastKnownFileType = sourcecode.c.h; path = json.h; sourceTree = "<group>"; };
		E27CD5581EFDA91300C4BC7B /* jsoncpp.cpp */ = {isa = PBXFileReference; fileEncoding = 4; lastKnownFileType = sourcecode.cpp.cpp; path = jsoncpp.cpp; sourceTree = "<group>"; };
		E27CD5591EFDA91300C4BC7B /* MockiferCore.h */ = {isa = PBXFileReference; fileEncoding = 4; lastKnownFileType = sourcecode.c.h; path = MockiferCore.h; sourceTree = "<group>"; };
		E27CD55A1EFDA91300C4BC7B /* MockiferRequest.cpp */ = {isa = PBXFileReference; fileEncoding = 4; lastKnownFileType = sourcecode.cpp.cpp; path = MockiferRequest.cpp; sourceTree = "<group>"; };
		E27CD55B1EFDA91300C4BC7B /* MockiferRequest.h */ = {isa = PBXFileReference; fileEncoding = 4; lastKnownFileType = sourcecode.c.h; path = MockiferRequest.h; sourceTree = "<group>"; };
		E27CD55C1EFDA91300C4BC7B /* MockiferResponse.cpp */ = {isa = PBXFileReference; fileEncoding = 4; lastKnownFileType = sourcecode.cpp.cpp; path = MockiferResponse.cpp; sourceTree = "<group>"; };
		E27CD55D1EFDA91300C4BC7B /* MockiferResponse.h */ = {isa = PBXFileReference; fileEncoding = 4; lastKnownFileType = sourcecode.c.h; path = MockiferResponse.h; sourceTree = "<group>"; };
		E27CD55E1EFDA91300C4BC7B /* MockiferServer.cpp */ = {isa = PBXFileReference; fileEncoding = 4; lastKnownFileType = sourcecode.cpp.cpp; path = MockiferServer.cpp; sourceTree = "<group>"; };
		E27CD55F1EFDA91300C4BC7B /* MockiferServer.h */ = {isa = PBXFileReference; fileEncoding = 4; lastKnownFileType = sourcecode.c.h; path = MockiferServer.h; sourceTree = "<group>"; };
		E27CD5701EFDABFC00C4BC7B /* MockiferRoute.cpp */ = {isa = PBXFileReference; fileEncoding = 4; lastKnownFileType = sourcecode.cpp.cpp; path = MockiferRoute.cpp; sourceTree = "<group>"; };
		E27CD5711EFDABFC00C4BC7B /* MockiferRoute.h */ = {isa = PBXFileReference; fileEncoding = 4; lastKnownFileType = sourcecode.c.h; path = MockiferRoute.h; sourceTree = "<group>"; };
		E2872DDC1F00D159002FBCE9 /* MockiferRouteManager.cpp */ = {isa = PBXFileReference; fileEncoding = 4; lastKnownFileType = sourcecode.cpp.cpp; path = MockiferRouteManager.cpp; sourceTree = "<group>"; };
		E2872DDD1F00D159002FBCE9 /* MockiferRouteManager.h */ = {isa = PBXFileReference; fileEncoding = 4; lastKnownFileType = sourcecode.c.h; path = MockiferRouteManager.h; sourceTree = "<group>"; };
		E28E21FD1EF66860002181BF /* Requester.swift */ = {isa = PBXFileReference; fileEncoding = 4; lastKnownFileType = sourcecode.swift; name = Requester.swift; path = Mockifer/Requester.swift; sourceTree = "<group>"; };
		E28E21FF1EF66869002181BF /* Route.swift */ = {isa = PBXFileReference; fileEncoding = 4; lastKnownFileType = sourcecode.swift; name = Route.swift; path = Mockifer/Route.swift; sourceTree = "<group>"; };
		E2ADDF6E1EF50F5E00A2DD38 /* MainViewController.swift */ = {isa = PBXFileReference; fileEncoding = 4; lastKnownFileType = sourcecode.swift; name = MainViewController.swift; path = Mockifer/MainViewController.swift; sourceTree = "<group>"; };
		E2DBA33C1EEE814E008146D4 /* BaseViewController.swift */ = {isa = PBXFileReference; fileEncoding = 4; lastKnownFileType = sourcecode.swift; name = BaseViewController.swift; path = Mockifer/BaseViewController.swift; sourceTree = "<group>"; };
/* End PBXFileReference section */

/* Begin PBXFrameworksBuildPhase section */
		E24C88FF1EEA922B00DDFFB8 /* Frameworks */ = {
			isa = PBXFrameworksBuildPhase;
			buildActionMask = 2147483647;
			files = (
			);
			runOnlyForDeploymentPostprocessing = 0;
		};
/* End PBXFrameworksBuildPhase section */

/* Begin PBXGroup section */
		E24C88F91EEA922B00DDFFB8 = {
			isa = PBXGroup;
			children = (
				E2ADDF721EF50FC200A2DD38 /* App */,
				E24C89041EEA922B00DDFFB8 /* Mockifer */,
				E24C89031EEA922B00DDFFB8 /* Products */,
			);
			sourceTree = "<group>";
		};
		E24C89031EEA922B00DDFFB8 /* Products */ = {
			isa = PBXGroup;
			children = (
				E24C89021EEA922B00DDFFB8 /* MockiferEditor.app */,
			);
			name = Products;
			sourceTree = "<group>";
		};
		E24C89041EEA922B00DDFFB8 /* Mockifer */ = {
			isa = PBXGroup;
			children = (
				E27CD54A1EFDA91200C4BC7B /* engine */,
				E24C89301EEA933900DDFFB8 /* Mockifer.h */,
				E24C89311EEA933900DDFFB8 /* Mockifer.mm */,
				E24C89331EEA941000DDFFB8 /* Mockifer-Bridging-Header.h */,
			);
			path = Mockifer;
			sourceTree = "<group>";
		};
		E27CD54A1EFDA91200C4BC7B /* engine */ = {
			isa = PBXGroup;
			children = (
				E27CD54B1EFDA91200C4BC7B /* civetweb */,
				E27CD5501EFDA91200C4BC7B /* duktape */,
				E27CD5541EFDA91200C4BC7B /* json */,
				E27CD5591EFDA91300C4BC7B /* MockiferCore.h */,
				E2872DDD1F00D159002FBCE9 /* MockiferRouteManager.h */,
				E2872DDC1F00D159002FBCE9 /* MockiferRouteManager.cpp */,
				E27CD5711EFDABFC00C4BC7B /* MockiferRoute.h */,
				E27CD5701EFDABFC00C4BC7B /* MockiferRoute.cpp */,
				E27CD55A1EFDA91300C4BC7B /* MockiferRequest.cpp */,
				E27CD55B1EFDA91300C4BC7B /* MockiferRequest.h */,
				E27CD55C1EFDA91300C4BC7B /* MockiferResponse.cpp */,
				E27CD55D1EFDA91300C4BC7B /* MockiferResponse.h */,
				E27CD55F1EFDA91300C4BC7B /* MockiferServer.h */,
				E27CD55E1EFDA91300C4BC7B /* MockiferServer.cpp */,
				E22D21AA1F063481008A5708 /* MockiferUtil.h */,
				E22D21A91F063481008A5708 /* MockiferUtil.cpp */,
			);
			name = engine;
			path = ../../engine;
			sourceTree = "<group>";
		};
		E27CD54B1EFDA91200C4BC7B /* civetweb */ = {
			isa = PBXGroup;
			children = (
				E27CD54C1EFDA91200C4BC7B /* civetweb.c */,
				E27CD54D1EFDA91200C4BC7B /* civetweb.h */,
				E27CD54E1EFDA91200C4BC7B /* handle_form.inl */,
				E27CD54F1EFDA91200C4BC7B /* md5.inl */,
			);
			path = civetweb;
			sourceTree = "<group>";
		};
		E27CD5501EFDA91200C4BC7B /* duktape */ = {
			isa = PBXGroup;
			children = (
				E27CD5511EFDA91200C4BC7B /* duk_config.h */,
				E27CD5521EFDA91200C4BC7B /* duktape.c */,
				E27CD5531EFDA91200C4BC7B /* duktape.h */,
			);
			path = duktape;
			sourceTree = "<group>";
		};
		E27CD5541EFDA91200C4BC7B /* json */ = {
			isa = PBXGroup;
			children = (
				E27CD5551EFDA91200C4BC7B /* json */,
				E27CD5581EFDA91300C4BC7B /* jsoncpp.cpp */,
			);
			path = json;
			sourceTree = "<group>";
		};
		E27CD5551EFDA91200C4BC7B /* json */ = {
			isa = PBXGroup;
			children = (
				E27CD5561EFDA91300C4BC7B /* json-forwards.h */,
				E27CD5571EFDA91300C4BC7B /* json.h */,
			);
			path = json;
			sourceTree = "<group>";
		};
		E2ADDF721EF50FC200A2DD38 /* App */ = {
			isa = PBXGroup;
			children = (
				E28E21FD1EF66860002181BF /* Requester.swift */,
				E28E21FF1EF66869002181BF /* Route.swift */,
				E2ADDF6E1EF50F5E00A2DD38 /* MainViewController.swift */,
				E24C89051EEA922B00DDFFB8 /* AppDelegate.swift */,
				E24C89091EEA922B00DDFFB8 /* Assets.xcassets */,
				E24C890B1EEA922B00DDFFB8 /* Main.storyboard */,
				E24C890E1EEA922B00DDFFB8 /* Info.plist */,
				E2DBA33C1EEE814E008146D4 /* BaseViewController.swift */,
				E23A995A1F0837C100618374 /* InputFormatter.swift */,
			);
			name = App;
			sourceTree = "<group>";
		};
/* End PBXGroup section */

/* Begin PBXNativeTarget section */
		E24C89011EEA922B00DDFFB8 /* MockiferEditor */ = {
			isa = PBXNativeTarget;
			buildConfigurationList = E24C89111EEA922B00DDFFB8 /* Build configuration list for PBXNativeTarget "MockiferEditor" */;
			buildPhases = (
				E24C88FE1EEA922B00DDFFB8 /* Sources */,
				E24C88FF1EEA922B00DDFFB8 /* Frameworks */,
				E24C89001EEA922B00DDFFB8 /* Resources */,
				E25621031EEA9F15002307EE /* CopyFiles */,
			);
			buildRules = (
			);
			dependencies = (
			);
			name = MockiferEditor;
			productName = Mockifer;
			productReference = E24C89021EEA922B00DDFFB8 /* MockiferEditor.app */;
			productType = "com.apple.product-type.application";
		};
/* End PBXNativeTarget section */

/* Begin PBXProject section */
		E24C88FA1EEA922B00DDFFB8 /* Project object */ = {
			isa = PBXProject;
			attributes = {
				LastSwiftUpdateCheck = 0800;
				LastUpgradeCheck = 0800;
				ORGANIZATIONNAME = Mockifer;
				TargetAttributes = {
					E24C89011EEA922B00DDFFB8 = {
						CreatedOnToolsVersion = 8.0;
						DevelopmentTeam = PN695J55A5;
						ProvisioningStyle = Automatic;
					};
				};
			};
			buildConfigurationList = E24C88FD1EEA922B00DDFFB8 /* Build configuration list for PBXProject "MockiferEditor" */;
			compatibilityVersion = "Xcode 3.2";
			developmentRegion = English;
			hasScannedForEncodings = 0;
			knownRegions = (
				en,
				Base,
			);
			mainGroup = E24C88F91EEA922B00DDFFB8;
			productRefGroup = E24C89031EEA922B00DDFFB8 /* Products */;
			projectDirPath = "";
			projectRoot = "";
			targets = (
				E24C89011EEA922B00DDFFB8 /* MockiferEditor */,
			);
		};
/* End PBXProject section */

/* Begin PBXResourcesBuildPhase section */
		E24C89001EEA922B00DDFFB8 /* Resources */ = {
			isa = PBXResourcesBuildPhase;
			buildActionMask = 2147483647;
			files = (
				E27CD5661EFDA91300C4BC7B /* md5.inl in Resources */,
				E24C890A1EEA922B00DDFFB8 /* Assets.xcassets in Resources */,
				E24C890D1EEA922B00DDFFB8 /* Main.storyboard in Resources */,
				E27CD5651EFDA91300C4BC7B /* handle_form.inl in Resources */,
			);
			runOnlyForDeploymentPostprocessing = 0;
		};
/* End PBXResourcesBuildPhase section */

/* Begin PBXSourcesBuildPhase section */
		E24C88FE1EEA922B00DDFFB8 /* Sources */ = {
			isa = PBXSourcesBuildPhase;
			buildActionMask = 2147483647;
			files = (
				E24C89321EEA933900DDFFB8 /* Mockifer.mm in Sources */,
				E2872DDE1F00D159002FBCE9 /* MockiferRouteManager.cpp in Sources */,
				E2ADDF6F1EF50F5E00A2DD38 /* MainViewController.swift in Sources */,
				E23A995B1F0837C100618374 /* InputFormatter.swift in Sources */,
				E27CD5641EFDA91300C4BC7B /* civetweb.c in Sources */,
				E2DBA33D1EEE814E008146D4 /* BaseViewController.swift in Sources */,
				E27CD5671EFDA91300C4BC7B /* duktape.c in Sources */,
				E22D21AB1F063481008A5708 /* MockiferUtil.cpp in Sources */,
				E27CD56A1EFDA91300C4BC7B /* MockiferResponse.cpp in Sources */,
				E28E21FE1EF66860002181BF /* Requester.swift in Sources */,
				E27CD5681EFDA91300C4BC7B /* jsoncpp.cpp in Sources */,
				E27CD5721EFDABFC00C4BC7B /* MockiferRoute.cpp in Sources */,
				E24C89061EEA922B00DDFFB8 /* AppDelegate.swift in Sources */,
				E27CD56B1EFDA91300C4BC7B /* MockiferServer.cpp in Sources */,
				E27CD5691EFDA91300C4BC7B /* MockiferRequest.cpp in Sources */,
				E28E22001EF66869002181BF /* Route.swift in Sources */,
			);
			runOnlyForDeploymentPostprocessing = 0;
		};
/* End PBXSourcesBuildPhase section */

/* Begin PBXVariantGroup section */
		E24C890B1EEA922B00DDFFB8 /* Main.storyboard */ = {
			isa = PBXVariantGroup;
			children = (
				E24C890C1EEA922B00DDFFB8 /* Base */,
			);
			name = Main.storyboard;
			path = Mockifer;
			sourceTree = "<group>";
		};
/* End PBXVariantGroup section */

/* Begin XCBuildConfiguration section */
		E24C890F1EEA922B00DDFFB8 /* Debug */ = {
			isa = XCBuildConfiguration;
			buildSettings = {
				ALWAYS_SEARCH_USER_PATHS = NO;
				CLANG_ANALYZER_NONNULL = YES;
				CLANG_CXX_LANGUAGE_STANDARD = "gnu++0x";
				CLANG_CXX_LIBRARY = "libc++";
				CLANG_ENABLE_MODULES = YES;
				CLANG_ENABLE_OBJC_ARC = YES;
				CLANG_WARN_BOOL_CONVERSION = YES;
				CLANG_WARN_CONSTANT_CONVERSION = YES;
				CLANG_WARN_DIRECT_OBJC_ISA_USAGE = YES_ERROR;
				CLANG_WARN_DOCUMENTATION_COMMENTS = YES;
				CLANG_WARN_EMPTY_BODY = YES;
				CLANG_WARN_ENUM_CONVERSION = YES;
				CLANG_WARN_INFINITE_RECURSION = YES;
				CLANG_WARN_INT_CONVERSION = YES;
				CLANG_WARN_OBJC_ROOT_CLASS = YES_ERROR;
				CLANG_WARN_SUSPICIOUS_MOVES = YES;
				CLANG_WARN_UNREACHABLE_CODE = YES;
				CLANG_WARN__DUPLICATE_METHOD_MATCH = YES;
				CODE_SIGN_IDENTITY = "-";
				COPY_PHASE_STRIP = NO;
				DEBUG_INFORMATION_FORMAT = dwarf;
				ENABLE_STRICT_OBJC_MSGSEND = YES;
				ENABLE_TESTABILITY = YES;
				GCC_C_LANGUAGE_STANDARD = gnu99;
				GCC_DYNAMIC_NO_PIC = NO;
				GCC_NO_COMMON_BLOCKS = YES;
				GCC_OPTIMIZATION_LEVEL = 0;
				GCC_PREPROCESSOR_DEFINITIONS = (
					"DEBUG=1",
					"$(inherited)",
				);
				GCC_WARN_64_TO_32_BIT_CONVERSION = YES;
				GCC_WARN_ABOUT_RETURN_TYPE = YES_ERROR;
				GCC_WARN_UNDECLARED_SELECTOR = YES;
				GCC_WARN_UNINITIALIZED_AUTOS = YES_AGGRESSIVE;
				GCC_WARN_UNUSED_FUNCTION = YES;
				GCC_WARN_UNUSED_VARIABLE = YES;
				MACOSX_DEPLOYMENT_TARGET = 10.11;
				MTL_ENABLE_DEBUG_INFO = YES;
				ONLY_ACTIVE_ARCH = YES;
				SDKROOT = macosx;
				SWIFT_ACTIVE_COMPILATION_CONDITIONS = DEBUG;
				SWIFT_OPTIMIZATION_LEVEL = "-Onone";
			};
			name = Debug;
		};
		E24C89101EEA922B00DDFFB8 /* Release */ = {
			isa = XCBuildConfiguration;
			buildSettings = {
				ALWAYS_SEARCH_USER_PATHS = NO;
				CLANG_ANALYZER_NONNULL = YES;
				CLANG_CXX_LANGUAGE_STANDARD = "gnu++0x";
				CLANG_CXX_LIBRARY = "libc++";
				CLANG_ENABLE_MODULES = YES;
				CLANG_ENABLE_OBJC_ARC = YES;
				CLANG_WARN_BOOL_CONVERSION = YES;
				CLANG_WARN_CONSTANT_CONVERSION = YES;
				CLANG_WARN_DIRECT_OBJC_ISA_USAGE = YES_ERROR;
				CLANG_WARN_DOCUMENTATION_COMMENTS = YES;
				CLANG_WARN_EMPTY_BODY = YES;
				CLANG_WARN_ENUM_CONVERSION = YES;
				CLANG_WARN_INFINITE_RECURSION = YES;
				CLANG_WARN_INT_CONVERSION = YES;
				CLANG_WARN_OBJC_ROOT_CLASS = YES_ERROR;
				CLANG_WARN_SUSPICIOUS_MOVES = YES;
				CLANG_WARN_UNREACHABLE_CODE = YES;
				CLANG_WARN__DUPLICATE_METHOD_MATCH = YES;
				CODE_SIGN_IDENTITY = "-";
				COPY_PHASE_STRIP = NO;
				DEBUG_INFORMATION_FORMAT = "dwarf-with-dsym";
				ENABLE_NS_ASSERTIONS = NO;
				ENABLE_STRICT_OBJC_MSGSEND = YES;
				GCC_C_LANGUAGE_STANDARD = gnu99;
				GCC_NO_COMMON_BLOCKS = YES;
				GCC_WARN_64_TO_32_BIT_CONVERSION = YES;
				GCC_WARN_ABOUT_RETURN_TYPE = YES_ERROR;
				GCC_WARN_UNDECLARED_SELECTOR = YES;
				GCC_WARN_UNINITIALIZED_AUTOS = YES_AGGRESSIVE;
				GCC_WARN_UNUSED_FUNCTION = YES;
				GCC_WARN_UNUSED_VARIABLE = YES;
				MACOSX_DEPLOYMENT_TARGET = 10.11;
				MTL_ENABLE_DEBUG_INFO = NO;
				SDKROOT = macosx;
				SWIFT_OPTIMIZATION_LEVEL = "-Owholemodule";
			};
			name = Release;
		};
		E24C89121EEA922B00DDFFB8 /* Debug */ = {
			isa = XCBuildConfiguration;
			buildSettings = {
				ASSETCATALOG_COMPILER_APPICON_NAME = AppIcon;
				CODE_SIGN_IDENTITY = "Mac Developer";
				COMBINE_HIDPI_IMAGES = YES;
				DEVELOPMENT_TEAM = PN695J55A5;
				GCC_C_LANGUAGE_STANDARD = gnu99;
				HEADER_SEARCH_PATHS = "$(SRCROOT)/../../Source/mockifer-core";
				INFOPLIST_FILE = Mockifer/Info.plist;
				LD_RUNPATH_SEARCH_PATHS = "$(inherited) @executable_path/../Frameworks";
				MACOSX_DEPLOYMENT_TARGET = 10.10;
				PRODUCT_BUNDLE_IDENTIFIER = mockifer.MockiferEditor;
				PRODUCT_NAME = "$(TARGET_NAME)";
				PROVISIONING_PROFILE_SPECIFIER = "";
				SWIFT_OBJC_BRIDGING_HEADER = "${SRC_ROOT}Mockifer/Mockifer-Bridging-Header.h";
				SWIFT_VERSION = 3.0;
			};
			name = Debug;
		};
		E24C89131EEA922B00DDFFB8 /* Release */ = {
			isa = XCBuildConfiguration;
			buildSettings = {
				ASSETCATALOG_COMPILER_APPICON_NAME = AppIcon;
				CODE_SIGN_IDENTITY = "Mac Developer";
				COMBINE_HIDPI_IMAGES = YES;
				DEVELOPMENT_TEAM = PN695J55A5;
				GCC_C_LANGUAGE_STANDARD = gnu99;
				HEADER_SEARCH_PATHS = "$(SRCROOT)/../../Source/mockifer-core";
				INFOPLIST_FILE = Mockifer/Info.plist;
				LD_RUNPATH_SEARCH_PATHS = "$(inherited) @executable_path/../Frameworks";
				MACOSX_DEPLOYMENT_TARGET = 10.10;
				PRODUCT_BUNDLE_IDENTIFIER = mockifer.MockiferEditor;
				PRODUCT_NAME = "$(TARGET_NAME)";
				PROVISIONING_PROFILE_SPECIFIER = "";
				SWIFT_OBJC_BRIDGING_HEADER = "${SRC_ROOT}Mockifer/Mockifer-Bridging-Header.h";
				SWIFT_VERSION = 3.0;
			};
			name = Release;
		};
/* End XCBuildConfiguration section */

/* Begin XCConfigurationList section */
		E24C88FD1EEA922B00DDFFB8 /* Build configuration list for PBXProject "MockiferEditor" */ = {
			isa = XCConfigurationList;
			buildConfigurations = (
				E24C890F1EEA922B00DDFFB8 /* Debug */,
				E24C89101EEA922B00DDFFB8 /* Release */,
			);
			defaultConfigurationIsVisible = 0;
			defaultConfigurationName = Release;
		};
		E24C89111EEA922B00DDFFB8 /* Build configuration list for PBXNativeTarget "MockiferEditor" */ = {
			isa = XCConfigurationList;
			buildConfigurations = (
				E24C89121EEA922B00DDFFB8 /* Debug */,
				E24C89131EEA922B00DDFFB8 /* Release */,
			);
			defaultConfigurationIsVisible = 0;
			defaultConfigurationName = Release;
		};
/* End XCConfigurationList section */
	};
	rootObject = E24C88FA1EEA922B00DDFFB8 /* Project object */;
}
